// !$*UTF8*$!
{
	archiveVersion = 1;
	classes = {
	};
	objectVersion = 50;
	objects = {

/* Begin PBXBuildFile section */
		FE58B76E2294376F00A67EE1 /* AppDelegate.swift in Sources */ = {isa = PBXBuildFile; fileRef = FE58B76D2294376F00A67EE1 /* AppDelegate.swift */; };
		FE58B7702294376F00A67EE1 /* ViewController.swift in Sources */ = {isa = PBXBuildFile; fileRef = FE58B76F2294376F00A67EE1 /* ViewController.swift */; };
		FE58B7732294376F00A67EE1 /* Main.storyboard in Resources */ = {isa = PBXBuildFile; fileRef = FE58B7712294376F00A67EE1 /* Main.storyboard */; };
		FE58B7752294377100A67EE1 /* Assets.xcassets in Resources */ = {isa = PBXBuildFile; fileRef = FE58B7742294377100A67EE1 /* Assets.xcassets */; };
		FE58B7782294377100A67EE1 /* LaunchScreen.storyboard in Resources */ = {isa = PBXBuildFile; fileRef = FE58B7762294377100A67EE1 /* LaunchScreen.storyboard */; };
		FE58B78222943ADB00A67EE1 /* PlacesTableViewController.swift in Sources */ = {isa = PBXBuildFile; fileRef = FE58B78122943ADB00A67EE1 /* PlacesTableViewController.swift */; };
		FE58B78522943B4A00A67EE1 /* PlaceFinderViewController.swift in Sources */ = {isa = PBXBuildFile; fileRef = FE58B78422943B4A00A67EE1 /* PlaceFinderViewController.swift */; };
		FE58B7872294459200A67EE1 /* MapViewController.swift in Sources */ = {isa = PBXBuildFile; fileRef = FE58B7862294459200A67EE1 /* MapViewController.swift */; };
		FE58B78922944B4D00A67EE1 /* Place.swift in Sources */ = {isa = PBXBuildFile; fileRef = FE58B78822944B4D00A67EE1 /* Place.swift */; };
		FE6DA1F82297113A002D7CE9 /* PlaceAnnotation.swift in Sources */ = {isa = PBXBuildFile; fileRef = FE6DA1F72297113A002D7CE9 /* PlaceAnnotation.swift */; };
/* End PBXBuildFile section */

/* Begin PBXFileReference section */
		FE58B76A2294376F00A67EE1 /* QueroConhecer.app */ = {isa = PBXFileReference; explicitFileType = wrapper.application; includeInIndex = 0; path = QueroConhecer.app; sourceTree = BUILT_PRODUCTS_DIR; };
		FE58B76D2294376F00A67EE1 /* AppDelegate.swift */ = {isa = PBXFileReference; lastKnownFileType = sourcecode.swift; path = AppDelegate.swift; sourceTree = "<group>"; };
		FE58B76F2294376F00A67EE1 /* ViewController.swift */ = {isa = PBXFileReference; lastKnownFileType = sourcecode.swift; path = ViewController.swift; sourceTree = "<group>"; };
		FE58B7722294376F00A67EE1 /* Base */ = {isa = PBXFileReference; lastKnownFileType = file.storyboard; name = Base; path = Base.lproj/Main.storyboard; sourceTree = "<group>"; };
		FE58B7742294377100A67EE1 /* Assets.xcassets */ = {isa = PBXFileReference; lastKnownFileType = folder.assetcatalog; path = Assets.xcassets; sourceTree = "<group>"; };
		FE58B7772294377100A67EE1 /* Base */ = {isa = PBXFileReference; lastKnownFileType = file.storyboard; name = Base; path = Base.lproj/LaunchScreen.storyboard; sourceTree = "<group>"; };
		FE58B7792294377100A67EE1 /* Info.plist */ = {isa = PBXFileReference; lastKnownFileType = text.plist.xml; path = Info.plist; sourceTree = "<group>"; };
		FE58B78122943ADB00A67EE1 /* PlacesTableViewController.swift */ = {isa = PBXFileReference; lastKnownFileType = sourcecode.swift; path = PlacesTableViewController.swift; sourceTree = "<group>"; };
		FE58B78422943B4A00A67EE1 /* PlaceFinderViewController.swift */ = {isa = PBXFileReference; lastKnownFileType = sourcecode.swift; path = PlaceFinderViewController.swift; sourceTree = "<group>"; };
		FE58B7862294459200A67EE1 /* MapViewController.swift */ = {isa = PBXFileReference; lastKnownFileType = sourcecode.swift; path = MapViewController.swift; sourceTree = "<group>"; };
		FE58B78822944B4D00A67EE1 /* Place.swift */ = {isa = PBXFileReference; lastKnownFileType = sourcecode.swift; path = Place.swift; sourceTree = "<group>"; };
		FE6DA1F72297113A002D7CE9 /* PlaceAnnotation.swift */ = {isa = PBXFileReference; lastKnownFileType = sourcecode.swift; path = PlaceAnnotation.swift; sourceTree = "<group>"; };
/* End PBXFileReference section */

/* Begin PBXFrameworksBuildPhase section */
		FE58B7672294376F00A67EE1 /* Frameworks */ = {
			isa = PBXFrameworksBuildPhase;
			buildActionMask = 2147483647;
			files = (
			);
			runOnlyForDeploymentPostprocessing = 0;
		};
/* End PBXFrameworksBuildPhase section */

/* Begin PBXGroup section */
		FE58B7612294376F00A67EE1 = {
			isa = PBXGroup;
			children = (
				FE58B76C2294376F00A67EE1 /* QueroConhecer */,
				FE58B76B2294376F00A67EE1 /* Products */,
			);
			sourceTree = "<group>";
		};
		FE58B76B2294376F00A67EE1 /* Products */ = {
			isa = PBXGroup;
			children = (
				FE58B76A2294376F00A67EE1 /* QueroConhecer.app */,
			);
			name = Products;
			sourceTree = "<group>";
		};
		FE58B76C2294376F00A67EE1 /* QueroConhecer */ = {
			isa = PBXGroup;
			children = (
				FE58B78322943B0000A67EE1 /* controllers */,
				FE58B76D2294376F00A67EE1 /* AppDelegate.swift */,
				FE6DA1F72297113A002D7CE9 /* PlaceAnnotation.swift */,
				FE58B78822944B4D00A67EE1 /* Place.swift */,
				FE58B76F2294376F00A67EE1 /* ViewController.swift */,
				FE58B7712294376F00A67EE1 /* Main.storyboard */,
				FE58B7742294377100A67EE1 /* Assets.xcassets */,
				FE58B7762294377100A67EE1 /* LaunchScreen.storyboard */,
				FE58B7792294377100A67EE1 /* Info.plist */,
			);
			path = QueroConhecer;
			sourceTree = "<group>";
		};
		FE58B78322943B0000A67EE1 /* controllers */ = {
			isa = PBXGroup;
			children = (
				FE58B7862294459200A67EE1 /* MapViewController.swift */,
				FE58B78122943ADB00A67EE1 /* PlacesTableViewController.swift */,
				FE58B78422943B4A00A67EE1 /* PlaceFinderViewController.swift */,
			);
			path = controllers;
			sourceTree = "<group>";
		};
/* End PBXGroup section */

/* Begin PBXNativeTarget section */
		FE58B7692294376F00A67EE1 /* QueroConhecer */ = {
			isa = PBXNativeTarget;
			buildConfigurationList = FE58B77C2294377100A67EE1 /* Build configuration list for PBXNativeTarget "QueroConhecer" */;
			buildPhases = (
				FE58B7662294376F00A67EE1 /* Sources */,
				FE58B7672294376F00A67EE1 /* Frameworks */,
				FE58B7682294376F00A67EE1 /* Resources */,
			);
			buildRules = (
			);
			dependencies = (
			);
			name = QueroConhecer;
			productName = QueroConhecer;
			productReference = FE58B76A2294376F00A67EE1 /* QueroConhecer.app */;
			productType = "com.apple.product-type.application";
		};
/* End PBXNativeTarget section */

/* Begin PBXProject section */
		FE58B7622294376F00A67EE1 /* Project object */ = {
			isa = PBXProject;
			attributes = {
				LastSwiftUpdateCheck = 1010;
				LastUpgradeCheck = 1010;
				ORGANIZATIONNAME = IOS;
				TargetAttributes = {
					FE58B7692294376F00A67EE1 = {
						CreatedOnToolsVersion = 10.1;
					};
				};
			};
			buildConfigurationList = FE58B7652294376F00A67EE1 /* Build configuration list for PBXProject "QueroConhecer" */;
			compatibilityVersion = "Xcode 9.3";
			developmentRegion = en;
			hasScannedForEncodings = 0;
			knownRegions = (
				en,
				Base,
			);
			mainGroup = FE58B7612294376F00A67EE1;
			productRefGroup = FE58B76B2294376F00A67EE1 /* Products */;
			projectDirPath = "";
			projectRoot = "";
			targets = (
				FE58B7692294376F00A67EE1 /* QueroConhecer */,
			);
		};
/* End PBXProject section */

/* Begin PBXResourcesBuildPhase section */
		FE58B7682294376F00A67EE1 /* Resources */ = {
			isa = PBXResourcesBuildPhase;
			buildActionMask = 2147483647;
			files = (
				FE58B7782294377100A67EE1 /* LaunchScreen.storyboard in Resources */,
				FE58B7752294377100A67EE1 /* Assets.xcassets in Resources */,
				FE58B7732294376F00A67EE1 /* Main.storyboard in Resources */,
			);
			runOnlyForDeploymentPostprocessing = 0;
		};
/* End PBXResourcesBuildPhase section */

/* Begin PBXSourcesBuildPhase section */
		FE58B7662294376F00A67EE1 /* Sources */ = {
			isa = PBXSourcesBuildPhase;
			buildActionMask = 2147483647;
			files = (
				FE58B7702294376F00A67EE1 /* ViewController.swift in Sources */,
				FE58B78222943ADB00A67EE1 /* PlacesTableViewController.swift in Sources */,
				FE58B78522943B4A00A67EE1 /* PlaceFinderViewController.swift in Sources */,
				FE58B78922944B4D00A67EE1 /* Place.swift in Sources */,
				FE58B7872294459200A67EE1 /* MapViewController.swift in Sources */,
				FE58B76E2294376F00A67EE1 /* AppDelegate.swift in Sources */,
				FE6DA1F82297113A002D7CE9 /* PlaceAnnotation.swift in Sources */,
			);
			runOnlyForDeploymentPostprocessing = 0;
		};
/* End PBXSourcesBuildPhase section */

/* Begin PBXVariantGroup section */
		FE58B7712294376F00A67EE1 /* Main.storyboard */ = {
			isa = PBXVariantGroup;
			children = (
				FE58B7722294376F00A67EE1 /* Base */,
			);
			name = Main.storyboard;
			sourceTree = "<group>";
		};
		FE58B7762294377100A67EE1 /* LaunchScreen.storyboard */ = {
			isa = PBXVariantGroup;
			children = (
				FE58B7772294377100A67EE1 /* Base */,
			);
			name = LaunchScreen.storyboard;
			sourceTree = "<group>";
		};
/* End PBXVariantGroup section */

/* Begin XCBuildConfiguration section */
		FE58B77A2294377100A67EE1 /* Debug */ = {
			isa = XCBuildConfiguration;
			buildSettings = {
				ALWAYS_SEARCH_USER_PATHS = NO;
				CLANG_ANALYZER_NONNULL = YES;
				CLANG_ANALYZER_NUMBER_OBJECT_CONVERSION = YES_AGGRESSIVE;
				CLANG_CXX_LANGUAGE_STANDARD = "gnu++14";
				CLANG_CXX_LIBRARY = "libc++";
				CLANG_ENABLE_MODULES = YES;
				CLANG_ENABLE_OBJC_ARC = YES;
				CLANG_ENABLE_OBJC_WEAK = YES;
				CLANG_WARN_BLOCK_CAPTURE_AUTORELEASING = YES;
				CLANG_WARN_BOOL_CONVERSION = YES;
				CLANG_WARN_COMMA = YES;
				CLANG_WARN_CONSTANT_CONVERSION = YES;
				CLANG_WARN_DEPRECATED_OBJC_IMPLEMENTATIONS = YES;
				CLANG_WARN_DIRECT_OBJC_ISA_USAGE = YES_ERROR;
				CLANG_WARN_DOCUMENTATION_COMMENTS = YES;
				CLANG_WARN_EMPTY_BODY = YES;
				CLANG_WARN_ENUM_CONVERSION = YES;
				CLANG_WARN_INFINITE_RECURSION = YES;
				CLANG_WARN_INT_CONVERSION = YES;
				CLANG_WARN_NON_LITERAL_NULL_CONVERSION = YES;
				CLANG_WARN_OBJC_IMPLICIT_RETAIN_SELF = YES;
				CLANG_WARN_OBJC_LITERAL_CONVERSION = YES;
				CLANG_WARN_OBJC_ROOT_CLASS = YES_ERROR;
				CLANG_WARN_RANGE_LOOP_ANALYSIS = YES;
				CLANG_WARN_STRICT_PROTOTYPES = YES;
				CLANG_WARN_SUSPICIOUS_MOVE = YES;
				CLANG_WARN_UNGUARDED_AVAILABILITY = YES_AGGRESSIVE;
				CLANG_WARN_UNREACHABLE_CODE = YES;
				CLANG_WARN__DUPLICATE_METHOD_MATCH = YES;
				CODE_SIGN_IDENTITY = "iPhone Developer";
				COPY_PHASE_STRIP = NO;
				DEBUG_INFORMATION_FORMAT = dwarf;
				ENABLE_STRICT_OBJC_MSGSEND = YES;
				ENABLE_TESTABILITY = YES;
				GCC_C_LANGUAGE_STANDARD = gnu11;
				GCC_DYNAMIC_NO_PIC = NO;
				GCC_NO_COMMON_BLOCKS = YES;
				GCC_OPTIMIZATION_LEVEL = 0;
				GCC_PREPROCESSOR_DEFINITIONS = (
					"DEBUG=1",
					"$(inherited)",
				);
				GCC_WARN_64_TO_32_BIT_CONVERSION = YES;
				GCC_WARN_ABOUT_RETURN_TYPE = YES_ERROR;
				GCC_WARN_UNDECLARED_SELECTOR = YES;
				GCC_WARN_UNINITIALIZED_AUTOS = YES_AGGRESSIVE;
				GCC_WARN_UNUSED_FUNCTION = YES;
				GCC_WARN_UNUSED_VARIABLE = YES;
				IPHONEOS_DEPLOYMENT_TARGET = 12.1;
				MTL_ENABLE_DEBUG_INFO = INCLUDE_SOURCE;
				MTL_FAST_MATH = YES;
				ONLY_ACTIVE_ARCH = YES;
				SDKROOT = iphoneos;
				SWIFT_ACTIVE_COMPILATION_CONDITIONS = DEBUG;
				SWIFT_OPTIMIZATION_LEVEL = "-Onone";
			};
			name = Debug;
		};
		FE58B77B2294377100A67EE1 /* Release */ = {
			isa = XCBuildConfiguration;
			buildSettings = {
				ALWAYS_SEARCH_USER_PATHS = NO;
				CLANG_ANALYZER_NONNULL = YES;
				CLANG_ANALYZER_NUMBER_OBJECT_CONVERSION = YES_AGGRESSIVE;
				CLANG_CXX_LANGUAGE_STANDARD = "gnu++14";
				CLANG_CXX_LIBRARY = "libc++";
				CLANG_ENABLE_MODULES = YES;
				CLANG_ENABLE_OBJC_ARC = YES;
				CLANG_ENABLE_OBJC_WEAK = YES;
				CLANG_WARN_BLOCK_CAPTURE_AUTORELEASING = YES;
				CLANG_WARN_BOOL_CONVERSION = YES;
				CLANG_WARN_COMMA = YES;
				CLANG_WARN_CONSTANT_CONVERSION = YES;
				CLANG_WARN_DEPRECATED_OBJC_IMPLEMENTATIONS = YES;
				CLANG_WARN_DIRECT_OBJC_ISA_USAGE = YES_ERROR;
				CLANG_WARN_DOCUMENTATION_COMMENTS = YES;
				CLANG_WARN_EMPTY_BODY = YES;
				CLANG_WARN_ENUM_CONVERSION = YES;
				CLANG_WARN_INFINITE_RECURSION = YES;
				CLANG_WARN_INT_CONVERSION = YES;
				CLANG_WARN_NON_LITERAL_NULL_CONVERSION = YES;
				CLANG_WARN_OBJC_IMPLICIT_RETAIN_SELF = YES;
				CLANG_WARN_OBJC_LITERAL_CONVERSION = YES;
				CLANG_WARN_OBJC_ROOT_CLASS = YES_ERROR;
				CLANG_WARN_RANGE_LOOP_ANALYSIS = YES;
				CLANG_WARN_STRICT_PROTOTYPES = YES;
				CLANG_WARN_SUSPICIOUS_MOVE = YES;
				CLANG_WARN_UNGUARDED_AVAILABILITY = YES_AGGRESSIVE;
				CLANG_WARN_UNREACHABLE_CODE = YES;
				CLANG_WARN__DUPLICATE_METHOD_MATCH = YES;
				CODE_SIGN_IDENTITY = "iPhone Developer";
				COPY_PHASE_STRIP = NO;
				DEBUG_INFORMATION_FORMAT = "dwarf-with-dsym";
				ENABLE_NS_ASSERTIONS = NO;
				ENABLE_STRICT_OBJC_MSGSEND = YES;
				GCC_C_LANGUAGE_STANDARD = gnu11;
				GCC_NO_COMMON_BLOCKS = YES;
				GCC_WARN_64_TO_32_BIT_CONVERSION = YES;
				GCC_WARN_ABOUT_RETURN_TYPE = YES_ERROR;
				GCC_WARN_UNDECLARED_SELECTOR = YES;
				GCC_WARN_UNINITIALIZED_AUTOS = YES_AGGRESSIVE;
				GCC_WARN_UNUSED_FUNCTION = YES;
				GCC_WARN_UNUSED_VARIABLE = YES;
				IPHONEOS_DEPLOYMENT_TARGET = 12.1;
				MTL_ENABLE_DEBUG_INFO = NO;
				MTL_FAST_MATH = YES;
				SDKROOT = iphoneos;
				SWIFT_COMPILATION_MODE = wholemodule;
				SWIFT_OPTIMIZATION_LEVEL = "-O";
				VALIDATE_PRODUCT = YES;
			};
			name = Release;
		};
		FE58B77D2294377100A67EE1 /* Debug */ = {
			isa = XCBuildConfiguration;
			buildSettings = {
				ASSETCATALOG_COMPILER_APPICON_NAME = AppIcon;
				CODE_SIGN_STYLE = Automatic;
				INFOPLIST_FILE = QueroConhecer/Info.plist;
				LD_RUNPATH_SEARCH_PATHS = (
					"$(inherited)",
					"@executable_path/Frameworks",
				);
				PRODUCT_BUNDLE_IDENTIFIER = com.ios.QueroConhecer;
				PRODUCT_NAME = "$(TARGET_NAME)";
				SWIFT_VERSION = 4.2;
				TARGETED_DEVICE_FAMILY = 1;
			};
			name = Debug;
		};
		FE58B77E2294377100A67EE1 /* Release */ = {
			isa = XCBuildConfiguration;
			buildSettings = {
				ASSETCATALOG_COMPILER_APPICON_NAME = AppIcon;
				CODE_SIGN_STYLE = Automatic;
				INFOPLIST_FILE = QueroConhecer/Info.plist;
				LD_RUNPATH_SEARCH_PATHS = (
					"$(inherited)",
					"@executable_path/Frameworks",
				);
				PRODUCT_BUNDLE_IDENTIFIER = com.ios.QueroConhecer;
				PRODUCT_NAME = "$(TARGET_NAME)";
				SWIFT_VERSION = 4.2;
				TARGETED_DEVICE_FAMILY = 1;
			};
			name = Release;
		};
/* End XCBuildConfiguration section */

/* Begin XCConfigurationList section */
		FE58B7652294376F00A67EE1 /* Build configuration list for PBXProject "QueroConhecer" */ = {
			isa = XCConfigurationList;
			buildConfigurations = (
				FE58B77A2294377100A67EE1 /* Debug */,
				FE58B77B2294377100A67EE1 /* Release */,
			);
			defaultConfigurationIsVisible = 0;
			defaultConfigurationName = Release;
		};
		FE58B77C2294377100A67EE1 /* Build configuration list for PBXNativeTarget "QueroConhecer" */ = {
			isa = XCConfigurationList;
			buildConfigurations = (
				FE58B77D2294377100A67EE1 /* Debug */,
				FE58B77E2294377100A67EE1 /* Release */,
			);
			defaultConfigurationIsVisible = 0;
			defaultConfigurationName = Release;
		};
/* End XCConfigurationList section */
	};
	rootObject = FE58B7622294376F00A67EE1 /* Project object */;
}
