// !$*UTF8*$!
{
	archiveVersion = 1;
	classes = {
	};
	objectVersion = 50;
	objects = {

/* Begin PBXBuildFile section */
		FE65CFC62205D28F004E3F9A /* AppDelegate.swift in Sources */ = {isa = PBXBuildFile; fileRef = FE65CFC52205D28F004E3F9A /* AppDelegate.swift */; };
		FE65CFC82205D28F004E3F9A /* ViewController.swift in Sources */ = {isa = PBXBuildFile; fileRef = FE65CFC72205D28F004E3F9A /* ViewController.swift */; };
		FE65CFCB2205D28F004E3F9A /* Main.storyboard in Resources */ = {isa = PBXBuildFile; fileRef = FE65CFC92205D28F004E3F9A /* Main.storyboard */; };
		FE65CFCD2205D291004E3F9A /* Assets.xcassets in Resources */ = {isa = PBXBuildFile; fileRef = FE65CFCC2205D291004E3F9A /* Assets.xcassets */; };
		FE65CFD02205D291004E3F9A /* LaunchScreen.storyboard in Resources */ = {isa = PBXBuildFile; fileRef = FE65CFCE2205D291004E3F9A /* LaunchScreen.storyboard */; };
		FE65CFDA2205D5BD004E3F9A /* botaogerar-pressionado.png in Resources */ = {isa = PBXBuildFile; fileRef = FE65CFD72205D5BC004E3F9A /* botaogerar-pressionado.png */; };
		FE65CFDB2205D5BD004E3F9A /* botaogerar.png in Resources */ = {isa = PBXBuildFile; fileRef = FE65CFD82205D5BC004E3F9A /* botaogerar.png */; };
		FE65CFDC2205D5BD004E3F9A /* logo.png in Resources */ = {isa = PBXBuildFile; fileRef = FE65CFD92205D5BD004E3F9A /* logo.png */; };
/* End PBXBuildFile section */

/* Begin PBXFileReference section */
		FE65CFC22205D28F004E3F9A /* Gerador_de_numeros_aleatorios.app */ = {isa = PBXFileReference; explicitFileType = wrapper.application; includeInIndex = 0; path = Gerador_de_numeros_aleatorios.app; sourceTree = BUILT_PRODUCTS_DIR; };
		FE65CFC52205D28F004E3F9A /* AppDelegate.swift */ = {isa = PBXFileReference; lastKnownFileType = sourcecode.swift; path = AppDelegate.swift; sourceTree = "<group>"; };
		FE65CFC72205D28F004E3F9A /* ViewController.swift */ = {isa = PBXFileReference; lastKnownFileType = sourcecode.swift; path = ViewController.swift; sourceTree = "<group>"; };
		FE65CFCA2205D28F004E3F9A /* Base */ = {isa = PBXFileReference; lastKnownFileType = file.storyboard; name = Base; path = Base.lproj/Main.storyboard; sourceTree = "<group>"; };
		FE65CFCC2205D291004E3F9A /* Assets.xcassets */ = {isa = PBXFileReference; lastKnownFileType = folder.assetcatalog; path = Assets.xcassets; sourceTree = "<group>"; };
		FE65CFCF2205D291004E3F9A /* Base */ = {isa = PBXFileReference; lastKnownFileType = file.storyboard; name = Base; path = Base.lproj/LaunchScreen.storyboard; sourceTree = "<group>"; };
		FE65CFD12205D291004E3F9A /* Info.plist */ = {isa = PBXFileReference; lastKnownFileType = text.plist.xml; path = Info.plist; sourceTree = "<group>"; };
		FE65CFD72205D5BC004E3F9A /* botaogerar-pressionado.png */ = {isa = PBXFileReference; lastKnownFileType = image.png; path = "botaogerar-pressionado.png"; sourceTree = "<group>"; };
		FE65CFD82205D5BC004E3F9A /* botaogerar.png */ = {isa = PBXFileReference; lastKnownFileType = image.png; path = botaogerar.png; sourceTree = "<group>"; };
		FE65CFD92205D5BD004E3F9A /* logo.png */ = {isa = PBXFileReference; lastKnownFileType = image.png; path = logo.png; sourceTree = "<group>"; };
/* End PBXFileReference section */

/* Begin PBXFrameworksBuildPhase section */
		FE65CFBF2205D28F004E3F9A /* Frameworks */ = {
			isa = PBXFrameworksBuildPhase;
			buildActionMask = 2147483647;
			files = (
			);
			runOnlyForDeploymentPostprocessing = 0;
		};
/* End PBXFrameworksBuildPhase section */

/* Begin PBXGroup section */
		FE65CFB92205D28F004E3F9A = {
			isa = PBXGroup;
			children = (
				FE65CFC42205D28F004E3F9A /* Gerador_de_numeros_aleatorios */,
				FE65CFC32205D28F004E3F9A /* Products */,
			);
			sourceTree = "<group>";
		};
		FE65CFC32205D28F004E3F9A /* Products */ = {
			isa = PBXGroup;
			children = (
				FE65CFC22205D28F004E3F9A /* Gerador_de_numeros_aleatorios.app */,
			);
			name = Products;
			sourceTree = "<group>";
		};
		FE65CFC42205D28F004E3F9A /* Gerador_de_numeros_aleatorios */ = {
			isa = PBXGroup;
			children = (
				FE65CFDD2205D5C5004E3F9A /* Imagens */,
				FE65CFC52205D28F004E3F9A /* AppDelegate.swift */,
				FE65CFC72205D28F004E3F9A /* ViewController.swift */,
				FE65CFC92205D28F004E3F9A /* Main.storyboard */,
				FE65CFCC2205D291004E3F9A /* Assets.xcassets */,
				FE65CFCE2205D291004E3F9A /* LaunchScreen.storyboard */,
				FE65CFD12205D291004E3F9A /* Info.plist */,
			);
			path = Gerador_de_numeros_aleatorios;
			sourceTree = "<group>";
		};
		FE65CFDD2205D5C5004E3F9A /* Imagens */ = {
			isa = PBXGroup;
			children = (
				FE65CFD92205D5BD004E3F9A /* logo.png */,
				FE65CFD82205D5BC004E3F9A /* botaogerar.png */,
				FE65CFD72205D5BC004E3F9A /* botaogerar-pressionado.png */,
			);
			path = Imagens;
			sourceTree = "<group>";
		};
/* End PBXGroup section */

/* Begin PBXNativeTarget section */
		FE65CFC12205D28F004E3F9A /* Gerador_de_numeros_aleatorios */ = {
			isa = PBXNativeTarget;
			buildConfigurationList = FE65CFD42205D291004E3F9A /* Build configuration list for PBXNativeTarget "Gerador_de_numeros_aleatorios" */;
			buildPhases = (
				FE65CFBE2205D28F004E3F9A /* Sources */,
				FE65CFBF2205D28F004E3F9A /* Frameworks */,
				FE65CFC02205D28F004E3F9A /* Resources */,
			);
			buildRules = (
			);
			dependencies = (
			);
			name = Gerador_de_numeros_aleatorios;
			productName = Gerador_de_numeros_aleatorios;
			productReference = FE65CFC22205D28F004E3F9A /* Gerador_de_numeros_aleatorios.app */;
			productType = "com.apple.product-type.application";
		};
/* End PBXNativeTarget section */

/* Begin PBXProject section */
		FE65CFBA2205D28F004E3F9A /* Project object */ = {
			isa = PBXProject;
			attributes = {
				LastSwiftUpdateCheck = 1010;
				LastUpgradeCheck = 1010;
				ORGANIZATIONNAME = "curso IOS";
				TargetAttributes = {
					FE65CFC12205D28F004E3F9A = {
						CreatedOnToolsVersion = 10.1;
					};
				};
			};
			buildConfigurationList = FE65CFBD2205D28F004E3F9A /* Build configuration list for PBXProject "Gerador_de_numeros_aleatorios" */;
			compatibilityVersion = "Xcode 9.3";
			developmentRegion = en;
			hasScannedForEncodings = 0;
			knownRegions = (
				en,
				Base,
			);
			mainGroup = FE65CFB92205D28F004E3F9A;
			productRefGroup = FE65CFC32205D28F004E3F9A /* Products */;
			projectDirPath = "";
			projectRoot = "";
			targets = (
				FE65CFC12205D28F004E3F9A /* Gerador_de_numeros_aleatorios */,
			);
		};
/* End PBXProject section */

/* Begin PBXResourcesBuildPhase section */
		FE65CFC02205D28F004E3F9A /* Resources */ = {
			isa = PBXResourcesBuildPhase;
			buildActionMask = 2147483647;
			files = (
				FE65CFD02205D291004E3F9A /* LaunchScreen.storyboard in Resources */,
				FE65CFCD2205D291004E3F9A /* Assets.xcassets in Resources */,
				FE65CFDC2205D5BD004E3F9A /* logo.png in Resources */,
				FE65CFDB2205D5BD004E3F9A /* botaogerar.png in Resources */,
				FE65CFCB2205D28F004E3F9A /* Main.storyboard in Resources */,
				FE65CFDA2205D5BD004E3F9A /* botaogerar-pressionado.png in Resources */,
			);
			runOnlyForDeploymentPostprocessing = 0;
		};
/* End PBXResourcesBuildPhase section */

/* Begin PBXSourcesBuildPhase section */
		FE65CFBE2205D28F004E3F9A /* Sources */ = {
			isa = PBXSourcesBuildPhase;
			buildActionMask = 2147483647;
			files = (
				FE65CFC82205D28F004E3F9A /* ViewController.swift in Sources */,
				FE65CFC62205D28F004E3F9A /* AppDelegate.swift in Sources */,
			);
			runOnlyForDeploymentPostprocessing = 0;
		};
/* End PBXSourcesBuildPhase section */

/* Begin PBXVariantGroup section */
		FE65CFC92205D28F004E3F9A /* Main.storyboard */ = {
			isa = PBXVariantGroup;
			children = (
				FE65CFCA2205D28F004E3F9A /* Base */,
			);
			name = Main.storyboard;
			sourceTree = "<group>";
		};
		FE65CFCE2205D291004E3F9A /* LaunchScreen.storyboard */ = {
			isa = PBXVariantGroup;
			children = (
				FE65CFCF2205D291004E3F9A /* Base */,
			);
			name = LaunchScreen.storyboard;
			sourceTree = "<group>";
		};
/* End PBXVariantGroup section */

/* Begin XCBuildConfiguration section */
		FE65CFD22205D291004E3F9A /* Debug */ = {
			isa = XCBuildConfiguration;
			buildSettings = {
				ALWAYS_SEARCH_USER_PATHS = NO;
				CLANG_ANALYZER_NONNULL = YES;
				CLANG_ANALYZER_NUMBER_OBJECT_CONVERSION = YES_AGGRESSIVE;
				CLANG_CXX_LANGUAGE_STANDARD = "gnu++14";
				CLANG_CXX_LIBRARY = "libc++";
				CLANG_ENABLE_MODULES = YES;
				CLANG_ENABLE_OBJC_ARC = YES;
				CLANG_ENABLE_OBJC_WEAK = YES;
				CLANG_WARN_BLOCK_CAPTURE_AUTORELEASING = YES;
				CLANG_WARN_BOOL_CONVERSION = YES;
				CLANG_WARN_COMMA = YES;
				CLANG_WARN_CONSTANT_CONVERSION = YES;
				CLANG_WARN_DEPRECATED_OBJC_IMPLEMENTATIONS = YES;
				CLANG_WARN_DIRECT_OBJC_ISA_USAGE = YES_ERROR;
				CLANG_WARN_DOCUMENTATION_COMMENTS = YES;
				CLANG_WARN_EMPTY_BODY = YES;
				CLANG_WARN_ENUM_CONVERSION = YES;
				CLANG_WARN_INFINITE_RECURSION = YES;
				CLANG_WARN_INT_CONVERSION = YES;
				CLANG_WARN_NON_LITERAL_NULL_CONVERSION = YES;
				CLANG_WARN_OBJC_IMPLICIT_RETAIN_SELF = YES;
				CLANG_WARN_OBJC_LITERAL_CONVERSION = YES;
				CLANG_WARN_OBJC_ROOT_CLASS = YES_ERROR;
				CLANG_WARN_RANGE_LOOP_ANALYSIS = YES;
				CLANG_WARN_STRICT_PROTOTYPES = YES;
				CLANG_WARN_SUSPICIOUS_MOVE = YES;
				CLANG_WARN_UNGUARDED_AVAILABILITY = YES_AGGRESSIVE;
				CLANG_WARN_UNREACHABLE_CODE = YES;
				CLANG_WARN__DUPLICATE_METHOD_MATCH = YES;
				CODE_SIGN_IDENTITY = "iPhone Developer";
				COPY_PHASE_STRIP = NO;
				DEBUG_INFORMATION_FORMAT = dwarf;
				ENABLE_STRICT_OBJC_MSGSEND = YES;
				ENABLE_TESTABILITY = YES;
				GCC_C_LANGUAGE_STANDARD = gnu11;
				GCC_DYNAMIC_NO_PIC = NO;
				GCC_NO_COMMON_BLOCKS = YES;
				GCC_OPTIMIZATION_LEVEL = 0;
				GCC_PREPROCESSOR_DEFINITIONS = (
					"DEBUG=1",
					"$(inherited)",
				);
				GCC_WARN_64_TO_32_BIT_CONVERSION = YES;
				GCC_WARN_ABOUT_RETURN_TYPE = YES_ERROR;
				GCC_WARN_UNDECLARED_SELECTOR = YES;
				GCC_WARN_UNINITIALIZED_AUTOS = YES_AGGRESSIVE;
				GCC_WARN_UNUSED_FUNCTION = YES;
				GCC_WARN_UNUSED_VARIABLE = YES;
				IPHONEOS_DEPLOYMENT_TARGET = 12.1;
				MTL_ENABLE_DEBUG_INFO = INCLUDE_SOURCE;
				MTL_FAST_MATH = YES;
				ONLY_ACTIVE_ARCH = YES;
				SDKROOT = iphoneos;
				SWIFT_ACTIVE_COMPILATION_CONDITIONS = DEBUG;
				SWIFT_OPTIMIZATION_LEVEL = "-Onone";
			};
			name = Debug;
		};
		FE65CFD32205D291004E3F9A /* Release */ = {
			isa = XCBuildConfiguration;
			buildSettings = {
				ALWAYS_SEARCH_USER_PATHS = NO;
				CLANG_ANALYZER_NONNULL = YES;
				CLANG_ANALYZER_NUMBER_OBJECT_CONVERSION = YES_AGGRESSIVE;
				CLANG_CXX_LANGUAGE_STANDARD = "gnu++14";
				CLANG_CXX_LIBRARY = "libc++";
				CLANG_ENABLE_MODULES = YES;
				CLANG_ENABLE_OBJC_ARC = YES;
				CLANG_ENABLE_OBJC_WEAK = YES;
				CLANG_WARN_BLOCK_CAPTURE_AUTORELEASING = YES;
				CLANG_WARN_BOOL_CONVERSION = YES;
				CLANG_WARN_COMMA = YES;
				CLANG_WARN_CONSTANT_CONVERSION = YES;
				CLANG_WARN_DEPRECATED_OBJC_IMPLEMENTATIONS = YES;
				CLANG_WARN_DIRECT_OBJC_ISA_USAGE = YES_ERROR;
				CLANG_WARN_DOCUMENTATION_COMMENTS = YES;
				CLANG_WARN_EMPTY_BODY = YES;
				CLANG_WARN_ENUM_CONVERSION = YES;
				CLANG_WARN_INFINITE_RECURSION = YES;
				CLANG_WARN_INT_CONVERSION = YES;
				CLANG_WARN_NON_LITERAL_NULL_CONVERSION = YES;
				CLANG_WARN_OBJC_IMPLICIT_RETAIN_SELF = YES;
				CLANG_WARN_OBJC_LITERAL_CONVERSION = YES;
				CLANG_WARN_OBJC_ROOT_CLASS = YES_ERROR;
				CLANG_WARN_RANGE_LOOP_ANALYSIS = YES;
				CLANG_WARN_STRICT_PROTOTYPES = YES;
				CLANG_WARN_SUSPICIOUS_MOVE = YES;
				CLANG_WARN_UNGUARDED_AVAILABILITY = YES_AGGRESSIVE;
				CLANG_WARN_UNREACHABLE_CODE = YES;
				CLANG_WARN__DUPLICATE_METHOD_MATCH = YES;
				CODE_SIGN_IDENTITY = "iPhone Developer";
				COPY_PHASE_STRIP = NO;
				DEBUG_INFORMATION_FORMAT = "dwarf-with-dsym";
				ENABLE_NS_ASSERTIONS = NO;
				ENABLE_STRICT_OBJC_MSGSEND = YES;
				GCC_C_LANGUAGE_STANDARD = gnu11;
				GCC_NO_COMMON_BLOCKS = YES;
				GCC_WARN_64_TO_32_BIT_CONVERSION = YES;
				GCC_WARN_ABOUT_RETURN_TYPE = YES_ERROR;
				GCC_WARN_UNDECLARED_SELECTOR = YES;
				GCC_WARN_UNINITIALIZED_AUTOS = YES_AGGRESSIVE;
				GCC_WARN_UNUSED_FUNCTION = YES;
				GCC_WARN_UNUSED_VARIABLE = YES;
				IPHONEOS_DEPLOYMENT_TARGET = 12.1;
				MTL_ENABLE_DEBUG_INFO = NO;
				MTL_FAST_MATH = YES;
				SDKROOT = iphoneos;
				SWIFT_COMPILATION_MODE = wholemodule;
				SWIFT_OPTIMIZATION_LEVEL = "-O";
				VALIDATE_PRODUCT = YES;
			};
			name = Release;
		};
		FE65CFD52205D291004E3F9A /* Debug */ = {
			isa = XCBuildConfiguration;
			buildSettings = {
				ASSETCATALOG_COMPILER_APPICON_NAME = AppIcon;
				CODE_SIGN_STYLE = Automatic;
				INFOPLIST_FILE = Gerador_de_numeros_aleatorios/Info.plist;
				LD_RUNPATH_SEARCH_PATHS = (
					"$(inherited)",
					"@executable_path/Frameworks",
				);
				PRODUCT_BUNDLE_IDENTIFIER = "com.cursoios.Gerador-de-numeros-aleatorios";
				PRODUCT_NAME = "$(TARGET_NAME)";
				SWIFT_VERSION = 4.2;
				TARGETED_DEVICE_FAMILY = "1,2";
			};
			name = Debug;
		};
		FE65CFD62205D291004E3F9A /* Release */ = {
			isa = XCBuildConfiguration;
			buildSettings = {
				ASSETCATALOG_COMPILER_APPICON_NAME = AppIcon;
				CODE_SIGN_STYLE = Automatic;
				INFOPLIST_FILE = Gerador_de_numeros_aleatorios/Info.plist;
				LD_RUNPATH_SEARCH_PATHS = (
					"$(inherited)",
					"@executable_path/Frameworks",
				);
				PRODUCT_BUNDLE_IDENTIFIER = "com.cursoios.Gerador-de-numeros-aleatorios";
				PRODUCT_NAME = "$(TARGET_NAME)";
				SWIFT_VERSION = 4.2;
				TARGETED_DEVICE_FAMILY = "1,2";
			};
			name = Release;
		};
/* End XCBuildConfiguration section */

/* Begin XCConfigurationList section */
		FE65CFBD2205D28F004E3F9A /* Build configuration list for PBXProject "Gerador_de_numeros_aleatorios" */ = {
			isa = XCConfigurationList;
			buildConfigurations = (
				FE65CFD22205D291004E3F9A /* Debug */,
				FE65CFD32205D291004E3F9A /* Release */,
			);
			defaultConfigurationIsVisible = 0;
			defaultConfigurationName = Release;
		};
		FE65CFD42205D291004E3F9A /* Build configuration list for PBXNativeTarget "Gerador_de_numeros_aleatorios" */ = {
			isa = XCConfigurationList;
			buildConfigurations = (
				FE65CFD52205D291004E3F9A /* Debug */,
				FE65CFD62205D291004E3F9A /* Release */,
			);
			defaultConfigurationIsVisible = 0;
			defaultConfigurationName = Release;
		};
/* End XCConfigurationList section */
	};
	rootObject = FE65CFBA2205D28F004E3F9A /* Project object */;
}
