// !$*UTF8*$!
{
	archiveVersion = 1;
	classes = {
	};
	objectVersion = 50;
	objects = {

/* Begin PBXBuildFile section */
		FED6132421FB9F81008FE509 /* AppDelegate.swift in Sources */ = {isa = PBXBuildFile; fileRef = FED6132321FB9F81008FE509 /* AppDelegate.swift */; };
		FED6132621FB9F81008FE509 /* ViewController.swift in Sources */ = {isa = PBXBuildFile; fileRef = FED6132521FB9F81008FE509 /* ViewController.swift */; };
		FED6132921FB9F81008FE509 /* Main.storyboard in Resources */ = {isa = PBXBuildFile; fileRef = FED6132721FB9F81008FE509 /* Main.storyboard */; };
		FED6132B21FB9F82008FE509 /* Assets.xcassets in Resources */ = {isa = PBXBuildFile; fileRef = FED6132A21FB9F82008FE509 /* Assets.xcassets */; };
		FED6132E21FB9F82008FE509 /* LaunchScreen.storyboard in Resources */ = {isa = PBXBuildFile; fileRef = FED6132C21FB9F82008FE509 /* LaunchScreen.storyboard */; };
/* End PBXBuildFile section */

/* Begin PBXFileReference section */
		FED6132021FB9F81008FE509 /* Idade-de-cachorro.app */ = {isa = PBXFileReference; explicitFileType = wrapper.application; includeInIndex = 0; path = "Idade-de-cachorro.app"; sourceTree = BUILT_PRODUCTS_DIR; };
		FED6132321FB9F81008FE509 /* AppDelegate.swift */ = {isa = PBXFileReference; lastKnownFileType = sourcecode.swift; path = AppDelegate.swift; sourceTree = "<group>"; };
		FED6132521FB9F81008FE509 /* ViewController.swift */ = {isa = PBXFileReference; lastKnownFileType = sourcecode.swift; path = ViewController.swift; sourceTree = "<group>"; };
		FED6132821FB9F81008FE509 /* Base */ = {isa = PBXFileReference; lastKnownFileType = file.storyboard; name = Base; path = Base.lproj/Main.storyboard; sourceTree = "<group>"; };
		FED6132A21FB9F82008FE509 /* Assets.xcassets */ = {isa = PBXFileReference; lastKnownFileType = folder.assetcatalog; path = Assets.xcassets; sourceTree = "<group>"; };
		FED6132D21FB9F82008FE509 /* Base */ = {isa = PBXFileReference; lastKnownFileType = file.storyboard; name = Base; path = Base.lproj/LaunchScreen.storyboard; sourceTree = "<group>"; };
		FED6132F21FB9F82008FE509 /* Info.plist */ = {isa = PBXFileReference; lastKnownFileType = text.plist.xml; path = Info.plist; sourceTree = "<group>"; };
/* End PBXFileReference section */

/* Begin PBXFrameworksBuildPhase section */
		FED6131D21FB9F81008FE509 /* Frameworks */ = {
			isa = PBXFrameworksBuildPhase;
			buildActionMask = 2147483647;
			files = (
			);
			runOnlyForDeploymentPostprocessing = 0;
		};
/* End PBXFrameworksBuildPhase section */

/* Begin PBXGroup section */
		FED6131721FB9F81008FE509 = {
			isa = PBXGroup;
			children = (
				FED6132221FB9F81008FE509 /* Idade-de-cachorro */,
				FED6132121FB9F81008FE509 /* Products */,
			);
			sourceTree = "<group>";
		};
		FED6132121FB9F81008FE509 /* Products */ = {
			isa = PBXGroup;
			children = (
				FED6132021FB9F81008FE509 /* Idade-de-cachorro.app */,
			);
			name = Products;
			sourceTree = "<group>";
		};
		FED6132221FB9F81008FE509 /* Idade-de-cachorro */ = {
			isa = PBXGroup;
			children = (
				FED6132321FB9F81008FE509 /* AppDelegate.swift */,
				FED6132521FB9F81008FE509 /* ViewController.swift */,
				FED6132721FB9F81008FE509 /* Main.storyboard */,
				FED6132A21FB9F82008FE509 /* Assets.xcassets */,
				FED6132C21FB9F82008FE509 /* LaunchScreen.storyboard */,
				FED6132F21FB9F82008FE509 /* Info.plist */,
			);
			path = "Idade-de-cachorro";
			sourceTree = "<group>";
		};
/* End PBXGroup section */

/* Begin PBXNativeTarget section */
		FED6131F21FB9F81008FE509 /* Idade-de-cachorro */ = {
			isa = PBXNativeTarget;
			buildConfigurationList = FED6133221FB9F82008FE509 /* Build configuration list for PBXNativeTarget "Idade-de-cachorro" */;
			buildPhases = (
				FED6131C21FB9F81008FE509 /* Sources */,
				FED6131D21FB9F81008FE509 /* Frameworks */,
				FED6131E21FB9F81008FE509 /* Resources */,
			);
			buildRules = (
			);
			dependencies = (
			);
			name = "Idade-de-cachorro";
			productName = "Idade-de-cachorro";
			productReference = FED6132021FB9F81008FE509 /* Idade-de-cachorro.app */;
			productType = "com.apple.product-type.application";
		};
/* End PBXNativeTarget section */

/* Begin PBXProject section */
		FED6131821FB9F81008FE509 /* Project object */ = {
			isa = PBXProject;
			attributes = {
				LastSwiftUpdateCheck = 1010;
				LastUpgradeCheck = 1010;
				ORGANIZATIONNAME = "curso IOS";
				TargetAttributes = {
					FED6131F21FB9F81008FE509 = {
						CreatedOnToolsVersion = 10.1;
					};
				};
			};
			buildConfigurationList = FED6131B21FB9F81008FE509 /* Build configuration list for PBXProject "Idade-de-cachorro" */;
			compatibilityVersion = "Xcode 9.3";
			developmentRegion = en;
			hasScannedForEncodings = 0;
			knownRegions = (
				en,
				Base,
			);
			mainGroup = FED6131721FB9F81008FE509;
			productRefGroup = FED6132121FB9F81008FE509 /* Products */;
			projectDirPath = "";
			projectRoot = "";
			targets = (
				FED6131F21FB9F81008FE509 /* Idade-de-cachorro */,
			);
		};
/* End PBXProject section */

/* Begin PBXResourcesBuildPhase section */
		FED6131E21FB9F81008FE509 /* Resources */ = {
			isa = PBXResourcesBuildPhase;
			buildActionMask = 2147483647;
			files = (
				FED6132E21FB9F82008FE509 /* LaunchScreen.storyboard in Resources */,
				FED6132B21FB9F82008FE509 /* Assets.xcassets in Resources */,
				FED6132921FB9F81008FE509 /* Main.storyboard in Resources */,
			);
			runOnlyForDeploymentPostprocessing = 0;
		};
/* End PBXResourcesBuildPhase section */

/* Begin PBXSourcesBuildPhase section */
		FED6131C21FB9F81008FE509 /* Sources */ = {
			isa = PBXSourcesBuildPhase;
			buildActionMask = 2147483647;
			files = (
				FED6132621FB9F81008FE509 /* ViewController.swift in Sources */,
				FED6132421FB9F81008FE509 /* AppDelegate.swift in Sources */,
			);
			runOnlyForDeploymentPostprocessing = 0;
		};
/* End PBXSourcesBuildPhase section */

/* Begin PBXVariantGroup section */
		FED6132721FB9F81008FE509 /* Main.storyboard */ = {
			isa = PBXVariantGroup;
			children = (
				FED6132821FB9F81008FE509 /* Base */,
			);
			name = Main.storyboard;
			sourceTree = "<group>";
		};
		FED6132C21FB9F82008FE509 /* LaunchScreen.storyboard */ = {
			isa = PBXVariantGroup;
			children = (
				FED6132D21FB9F82008FE509 /* Base */,
			);
			name = LaunchScreen.storyboard;
			sourceTree = "<group>";
		};
/* End PBXVariantGroup section */

/* Begin XCBuildConfiguration section */
		FED6133021FB9F82008FE509 /* Debug */ = {
			isa = XCBuildConfiguration;
			buildSettings = {
				ALWAYS_SEARCH_USER_PATHS = NO;
				CLANG_ANALYZER_NONNULL = YES;
				CLANG_ANALYZER_NUMBER_OBJECT_CONVERSION = YES_AGGRESSIVE;
				CLANG_CXX_LANGUAGE_STANDARD = "gnu++14";
				CLANG_CXX_LIBRARY = "libc++";
				CLANG_ENABLE_MODULES = YES;
				CLANG_ENABLE_OBJC_ARC = YES;
				CLANG_ENABLE_OBJC_WEAK = YES;
				CLANG_WARN_BLOCK_CAPTURE_AUTORELEASING = YES;
				CLANG_WARN_BOOL_CONVERSION = YES;
				CLANG_WARN_COMMA = YES;
				CLANG_WARN_CONSTANT_CONVERSION = YES;
				CLANG_WARN_DEPRECATED_OBJC_IMPLEMENTATIONS = YES;
				CLANG_WARN_DIRECT_OBJC_ISA_USAGE = YES_ERROR;
				CLANG_WARN_DOCUMENTATION_COMMENTS = YES;
				CLANG_WARN_EMPTY_BODY = YES;
				CLANG_WARN_ENUM_CONVERSION = YES;
				CLANG_WARN_INFINITE_RECURSION = YES;
				CLANG_WARN_INT_CONVERSION = YES;
				CLANG_WARN_NON_LITERAL_NULL_CONVERSION = YES;
				CLANG_WARN_OBJC_IMPLICIT_RETAIN_SELF = YES;
				CLANG_WARN_OBJC_LITERAL_CONVERSION = YES;
				CLANG_WARN_OBJC_ROOT_CLASS = YES_ERROR;
				CLANG_WARN_RANGE_LOOP_ANALYSIS = YES;
				CLANG_WARN_STRICT_PROTOTYPES = YES;
				CLANG_WARN_SUSPICIOUS_MOVE = YES;
				CLANG_WARN_UNGUARDED_AVAILABILITY = YES_AGGRESSIVE;
				CLANG_WARN_UNREACHABLE_CODE = YES;
				CLANG_WARN__DUPLICATE_METHOD_MATCH = YES;
				CODE_SIGN_IDENTITY = "iPhone Developer";
				COPY_PHASE_STRIP = NO;
				DEBUG_INFORMATION_FORMAT = dwarf;
				ENABLE_STRICT_OBJC_MSGSEND = YES;
				ENABLE_TESTABILITY = YES;
				GCC_C_LANGUAGE_STANDARD = gnu11;
				GCC_DYNAMIC_NO_PIC = NO;
				GCC_NO_COMMON_BLOCKS = YES;
				GCC_OPTIMIZATION_LEVEL = 0;
				GCC_PREPROCESSOR_DEFINITIONS = (
					"DEBUG=1",
					"$(inherited)",
				);
				GCC_WARN_64_TO_32_BIT_CONVERSION = YES;
				GCC_WARN_ABOUT_RETURN_TYPE = YES_ERROR;
				GCC_WARN_UNDECLARED_SELECTOR = YES;
				GCC_WARN_UNINITIALIZED_AUTOS = YES_AGGRESSIVE;
				GCC_WARN_UNUSED_FUNCTION = YES;
				GCC_WARN_UNUSED_VARIABLE = YES;
				IPHONEOS_DEPLOYMENT_TARGET = 12.1;
				MTL_ENABLE_DEBUG_INFO = INCLUDE_SOURCE;
				MTL_FAST_MATH = YES;
				ONLY_ACTIVE_ARCH = YES;
				SDKROOT = iphoneos;
				SWIFT_ACTIVE_COMPILATION_CONDITIONS = DEBUG;
				SWIFT_OPTIMIZATION_LEVEL = "-Onone";
			};
			name = Debug;
		};
		FED6133121FB9F82008FE509 /* Release */ = {
			isa = XCBuildConfiguration;
			buildSettings = {
				ALWAYS_SEARCH_USER_PATHS = NO;
				CLANG_ANALYZER_NONNULL = YES;
				CLANG_ANALYZER_NUMBER_OBJECT_CONVERSION = YES_AGGRESSIVE;
				CLANG_CXX_LANGUAGE_STANDARD = "gnu++14";
				CLANG_CXX_LIBRARY = "libc++";
				CLANG_ENABLE_MODULES = YES;
				CLANG_ENABLE_OBJC_ARC = YES;
				CLANG_ENABLE_OBJC_WEAK = YES;
				CLANG_WARN_BLOCK_CAPTURE_AUTORELEASING = YES;
				CLANG_WARN_BOOL_CONVERSION = YES;
				CLANG_WARN_COMMA = YES;
				CLANG_WARN_CONSTANT_CONVERSION = YES;
				CLANG_WARN_DEPRECATED_OBJC_IMPLEMENTATIONS = YES;
				CLANG_WARN_DIRECT_OBJC_ISA_USAGE = YES_ERROR;
				CLANG_WARN_DOCUMENTATION_COMMENTS = YES;
				CLANG_WARN_EMPTY_BODY = YES;
				CLANG_WARN_ENUM_CONVERSION = YES;
				CLANG_WARN_INFINITE_RECURSION = YES;
				CLANG_WARN_INT_CONVERSION = YES;
				CLANG_WARN_NON_LITERAL_NULL_CONVERSION = YES;
				CLANG_WARN_OBJC_IMPLICIT_RETAIN_SELF = YES;
				CLANG_WARN_OBJC_LITERAL_CONVERSION = YES;
				CLANG_WARN_OBJC_ROOT_CLASS = YES_ERROR;
				CLANG_WARN_RANGE_LOOP_ANALYSIS = YES;
				CLANG_WARN_STRICT_PROTOTYPES = YES;
				CLANG_WARN_SUSPICIOUS_MOVE = YES;
				CLANG_WARN_UNGUARDED_AVAILABILITY = YES_AGGRESSIVE;
				CLANG_WARN_UNREACHABLE_CODE = YES;
				CLANG_WARN__DUPLICATE_METHOD_MATCH = YES;
				CODE_SIGN_IDENTITY = "iPhone Developer";
				COPY_PHASE_STRIP = NO;
				DEBUG_INFORMATION_FORMAT = "dwarf-with-dsym";
				ENABLE_NS_ASSERTIONS = NO;
				ENABLE_STRICT_OBJC_MSGSEND = YES;
				GCC_C_LANGUAGE_STANDARD = gnu11;
				GCC_NO_COMMON_BLOCKS = YES;
				GCC_WARN_64_TO_32_BIT_CONVERSION = YES;
				GCC_WARN_ABOUT_RETURN_TYPE = YES_ERROR;
				GCC_WARN_UNDECLARED_SELECTOR = YES;
				GCC_WARN_UNINITIALIZED_AUTOS = YES_AGGRESSIVE;
				GCC_WARN_UNUSED_FUNCTION = YES;
				GCC_WARN_UNUSED_VARIABLE = YES;
				IPHONEOS_DEPLOYMENT_TARGET = 12.1;
				MTL_ENABLE_DEBUG_INFO = NO;
				MTL_FAST_MATH = YES;
				SDKROOT = iphoneos;
				SWIFT_COMPILATION_MODE = wholemodule;
				SWIFT_OPTIMIZATION_LEVEL = "-O";
				VALIDATE_PRODUCT = YES;
			};
			name = Release;
		};
		FED6133321FB9F82008FE509 /* Debug */ = {
			isa = XCBuildConfiguration;
			buildSettings = {
				ASSETCATALOG_COMPILER_APPICON_NAME = AppIcon;
				CODE_SIGN_STYLE = Automatic;
				INFOPLIST_FILE = "Idade-de-cachorro/Info.plist";
				LD_RUNPATH_SEARCH_PATHS = (
					"$(inherited)",
					"@executable_path/Frameworks",
				);
				PRODUCT_BUNDLE_IDENTIFIER = "com.cursoios.Idade-de-cachorro";
				PRODUCT_NAME = "$(TARGET_NAME)";
				SWIFT_VERSION = 4.2;
				TARGETED_DEVICE_FAMILY = "1,2";
			};
			name = Debug;
		};
		FED6133421FB9F82008FE509 /* Release */ = {
			isa = XCBuildConfiguration;
			buildSettings = {
				ASSETCATALOG_COMPILER_APPICON_NAME = AppIcon;
				CODE_SIGN_STYLE = Automatic;
				INFOPLIST_FILE = "Idade-de-cachorro/Info.plist";
				LD_RUNPATH_SEARCH_PATHS = (
					"$(inherited)",
					"@executable_path/Frameworks",
				);
				PRODUCT_BUNDLE_IDENTIFIER = "com.cursoios.Idade-de-cachorro";
				PRODUCT_NAME = "$(TARGET_NAME)";
				SWIFT_VERSION = 4.2;
				TARGETED_DEVICE_FAMILY = "1,2";
			};
			name = Release;
		};
/* End XCBuildConfiguration section */

/* Begin XCConfigurationList section */
		FED6131B21FB9F81008FE509 /* Build configuration list for PBXProject "Idade-de-cachorro" */ = {
			isa = XCConfigurationList;
			buildConfigurations = (
				FED6133021FB9F82008FE509 /* Debug */,
				FED6133121FB9F82008FE509 /* Release */,
			);
			defaultConfigurationIsVisible = 0;
			defaultConfigurationName = Release;
		};
		FED6133221FB9F82008FE509 /* Build configuration list for PBXNativeTarget "Idade-de-cachorro" */ = {
			isa = XCConfigurationList;
			buildConfigurations = (
				FED6133321FB9F82008FE509 /* Debug */,
				FED6133421FB9F82008FE509 /* Release */,
			);
			defaultConfigurationIsVisible = 0;
			defaultConfigurationName = Release;
		};
/* End XCConfigurationList section */
	};
	rootObject = FED6131821FB9F81008FE509 /* Project object */;
}
